
Microsoft Visual Studio Solution File, Format Version 12.00
# Visual Studio Version 17
VisualStudioVersion = 17.4.33213.308
MinimumVisualStudioVersion = 10.0.40219.1
Project("{FAE04EC0-301F-11D3-BF4B-00C04F79EFBC}") = "AzureFunctionApp", "AzureFunctionApp\AzureFunctionApp.csproj", "{928CCA38-F0A7-4B87-8986-349412590092}"
EndProject
Global
	GlobalSection(SolutionConfigurationPlatforms) = preSolution
		Debug|Any CPU = Debug|Any CPU
		Release|Any CPU = Release|Any CPU
	EndGlobalSection
	GlobalSection(ProjectConfigurationPlatforms) = postSolution
		{928CCA38-F0A7-4B87-8986-349412590092}.Debug|Any CPU.ActiveCfg = Debug|Any CPU
		{928CCA38-F0A7-4B87-8986-349412590092}.Debug|Any CPU.Build.0 = Debug|Any CPU
		{928CCA38-F0A7-4B87-8986-349412590092}.Release|Any CPU.ActiveCfg = Release|Any CPU
		{928CCA38-F0A7-4B87-8986-349412590092}.Release|Any CPU.Build.0 = Release|Any CPU
	EndGlobalSection
	GlobalSection(SolutionProperties) = preSolution
		HideSolutionNode = FALSE
	EndGlobalSection
	GlobalSection(ExtensibilityGlobals) = postSolution
		SolutionGuid = {188E874B-7C2C-4465-B2E5-FD6723330107}
	EndGlobalSection
EndGlobal
