
Microsoft Visual Studio Solution File, Format Version 12.00
# Visual Studio Version 17
VisualStudioVersion = 17.4.33213.308
MinimumVisualStudioVersion = 10.0.40219.1
Project("{FAE04EC0-301F-11D3-BF4B-00C04F79EFBC}") = "TypescriptGenerator", "TypescriptGenerator\TypescriptGenerator.csproj", "{99D1BB5D-BB72-45D7-AF41-1CE396DA717E}"
EndProject
Global
	GlobalSection(SolutionConfigurationPlatforms) = preSolution
		Debug|Any CPU = Debug|Any CPU
		Release|Any CPU = Release|Any CPU
	EndGlobalSection
	GlobalSection(ProjectConfigurationPlatforms) = postSolution
		{99D1BB5D-BB72-45D7-AF41-1CE396DA717E}.Debug|Any CPU.ActiveCfg = Debug|Any CPU
		{99D1BB5D-BB72-45D7-AF41-1CE396DA717E}.Debug|Any CPU.Build.0 = Debug|Any CPU
		{99D1BB5D-BB72-45D7-AF41-1CE396DA717E}.Release|Any CPU.ActiveCfg = Release|Any CPU
		{99D1BB5D-BB72-45D7-AF41-1CE396DA717E}.Release|Any CPU.Build.0 = Release|Any CPU
	EndGlobalSection
	GlobalSection(SolutionProperties) = preSolution
		HideSolutionNode = FALSE
	EndGlobalSection
	GlobalSection(ExtensibilityGlobals) = postSolution
		SolutionGuid = {99D54C80-E941-4F1C-9440-9EAF5BF71146}
	EndGlobalSection
EndGlobal
